
Microsoft Visual Studio Solution File, Format Version 12.00
# Visual Studio 15
VisualStudioVersion = 15.0.28307.168
MinimumVisualStudioVersion = 10.0.40219.1
Project("{FAE04EC0-301F-11D3-BF4B-00C04F79EFBC}") = "ChatApp", "ChatApp\ChatApp.csproj", "{2782A613-8912-40F4-8B72-CC23D0028CAA}"
EndProject
Global
	GlobalSection(SolutionConfigurationPlatforms) = preSolution
		Debug|Any CPU = Debug|Any CPU
		Release|Any CPU = Release|Any CPU
	EndGlobalSection
	GlobalSection(ProjectConfigurationPlatforms) = postSolution
		{2782A613-8912-40F4-8B72-CC23D0028CAA}.Debug|Any CPU.ActiveCfg = Debug|Any CPU
		{2782A613-8912-40F4-8B72-CC23D0028CAA}.Debug|Any CPU.Build.0 = Debug|Any CPU
		{2782A613-8912-40F4-8B72-CC23D0028CAA}.Release|Any CPU.ActiveCfg = Release|Any CPU
		{2782A613-8912-40F4-8B72-CC23D0028CAA}.Release|Any CPU.Build.0 = Release|Any CPU
	EndGlobalSection
	GlobalSection(SolutionProperties) = preSolution
		HideSolutionNode = FALSE
	EndGlobalSection
	GlobalSection(ExtensibilityGlobals) = postSolution
		SolutionGuid = {303DAE7B-FD33-4078-8ADB-24AE7E42569A}
	EndGlobalSection
EndGlobal
